
Microsoft Visual Studio Solution File, Format Version 12.00
# Visual Studio Version 16
VisualStudioVersion = 16.0.31205.134
MinimumVisualStudioVersion = 10.0.40219.1
Project("{FAE04EC0-301F-11D3-BF4B-00C04F79EFBC}") = "HealthCareInformaticsWebAPI", "HealthCareInformaticsWebAPI\HealthCareInformaticsWebAPI.csproj", "{C685D3B6-2E4A-450A-B21D-4689C73D9BEA}"
EndProject
Global
	GlobalSection(SolutionConfigurationPlatforms) = preSolution
		Debug|Any CPU = Debug|Any CPU
		Release|Any CPU = Release|Any CPU
	EndGlobalSection
	GlobalSection(ProjectConfigurationPlatforms) = postSolution
		{C685D3B6-2E4A-450A-B21D-4689C73D9BEA}.Debug|Any CPU.ActiveCfg = Debug|Any CPU
		{C685D3B6-2E4A-450A-B21D-4689C73D9BEA}.Debug|Any CPU.Build.0 = Debug|Any CPU
		{C685D3B6-2E4A-450A-B21D-4689C73D9BEA}.Release|Any CPU.ActiveCfg = Release|Any CPU
		{C685D3B6-2E4A-450A-B21D-4689C73D9BEA}.Release|Any CPU.Build.0 = Release|Any CPU
	EndGlobalSection
	GlobalSection(SolutionProperties) = preSolution
		HideSolutionNode = FALSE
	EndGlobalSection
	GlobalSection(ExtensibilityGlobals) = postSolution
		SolutionGuid = {BC19DB62-A587-42B0-BE54-2E54C0E422DB}
	EndGlobalSection
EndGlobal
